PODS:
  - FlutterMacOS (1.0.0)
  - whisper_cpp (0.0.1):
    - FlutterMacOS

DEPENDENCIES:
  - FlutterMacOS (from `Flutter/ephemeral`)
  - whisper_cpp (from `Flutter/ephemeral/.symlinks/plugins/whisper_cpp/macos`)

EXTERNAL SOURCES:
  FlutterMacOS:
    :path: Flutter/ephemeral
  whisper_cpp:
    :path: Flutter/ephemeral/.symlinks/plugins/whisper_cpp/macos

SPEC CHECKSUMS:
  FlutterMacOS: 8f6f14fa908a6fb3fba0cd85dbd81ec4b251fb24
  whisper_cpp: 217f90f25d58302ee81d0ab52aba82aa2b5e8ab4

PODFILE CHECKSUM: 236401fc2c932af29a9fcf0e97baeeb2d750d367

COCOAPODS: 1.12.1
